{
  "name": "extendscriptapp",
  "version": "1.0.0",
  "lockfileVersion": 1,
  "requires": true,
  "dependencies": {
    "types-for-adobe": {
      "version": "1.5.0",
      "resolved": "https://registry.npmjs.org/types-for-adobe/-/types-for-adobe-1.5.0.tgz",
      "integrity": "sha512-pxQnNhi3WX7MqV0xFpE32rOqEFovGNw22b95ThsqOQWMSxfaIEjjzZIlWLDs6ukp8q2a78xSfxrmvxMtZR/+kg==",
      "dev": true
    },
    "typescript": {
      "version": "3.7.2",
      "resolved": "https://registry.npmjs.org/typescript/-/typescript-3.7.2.tgz",
      "integrity": "sha512-ml7V7JfiN2Xwvcer+XAf2csGO1bPBdRbFCkYBczNZggrBZ9c7G3riSUeJmqEU5uOtXNPMhE3n+R4FA/3YOAWOQ==",
      "dev": true
    }
  }
}
